
Microsoft Visual Studio Solution File, Format Version 12.00
# Visual Studio Version 17
VisualStudioVersion = 17.14.36109.1 d17.14
MinimumVisualStudioVersion = 10.0.40219.1
Project("{FAE04EC0-301F-11D3-BF4B-00C04F79EFBC}") = "LocalPolicy", "LocalPolicy\LocalPolicy.csproj", "{BEF85AFE-E9F3-4648-B90A-93A71A0B8314}"
EndProject
Global
	GlobalSection(SolutionConfigurationPlatforms) = preSolution
		Debug|Any CPU = Debug|Any CPU
		Release|Any CPU = Release|Any CPU
	EndGlobalSection
	GlobalSection(ProjectConfigurationPlatforms) = postSolution
		{BEF85AFE-E9F3-4648-B90A-93A71A0B8314}.Debug|Any CPU.ActiveCfg = Debug|Any CPU
		{BEF85AFE-E9F3-4648-B90A-93A71A0B8314}.Debug|Any CPU.Build.0 = Debug|Any CPU
		{BEF85AFE-E9F3-4648-B90A-93A71A0B8314}.Release|Any CPU.ActiveCfg = Release|Any CPU
		{BEF85AFE-E9F3-4648-B90A-93A71A0B8314}.Release|Any CPU.Build.0 = Release|Any CPU
	EndGlobalSection
	GlobalSection(SolutionProperties) = preSolution
		HideSolutionNode = FALSE
	EndGlobalSection
	GlobalSection(ExtensibilityGlobals) = postSolution
		SolutionGuid = {F532CB00-AAA3-41D5-90EB-1348ED6412D5}
	EndGlobalSection
EndGlobal
